// !$*UTF8*$!
{
	archiveVersion = 1;
	classes = {
	};
	objectVersion = 48;
	objects = {

/* Begin PBXBuildFile section */
		F216150F2022413C00F2E9E6 /* MapVC.swift in Sources */ = {isa = PBXBuildFile; fileRef = F216150E2022413C00F2E9E6 /* MapVC.swift */; };
		F21615112022618300F2E9E6 /* TextSuggestionsTableVC.swift in Sources */ = {isa = PBXBuildFile; fileRef = F21615102022618300F2E9E6 /* TextSuggestionsTableVC.swift */; };
		F21615132022624B00F2E9E6 /* TextSuggestionCell.swift in Sources */ = {isa = PBXBuildFile; fileRef = F21615122022624B00F2E9E6 /* TextSuggestionCell.swift */; };
		F22BA6332021515E008F5338 /* Constants.swift in Sources */ = {isa = PBXBuildFile; fileRef = F22BA6322021515E008F5338 /* Constants.swift */; };
		F2617F382022CC8500302280 /* SearchBarsView.xib in Resources */ = {isa = PBXBuildFile; fileRef = F2617F372022CC8500302280 /* SearchBarsView.xib */; };
		F2617F3A2022CCC400302280 /* SearchBarsView.swift in Sources */ = {isa = PBXBuildFile; fileRef = F2617F392022CCC400302280 /* SearchBarsView.swift */; };
		F2B75A9B2020E29800A0B434 /* AppDelegate.swift in Sources */ = {isa = PBXBuildFile; fileRef = F2B75A9A2020E29800A0B434 /* AppDelegate.swift */; };
		F2B75AA02020E29800A0B434 /* Main.storyboard in Resources */ = {isa = PBXBuildFile; fileRef = F2B75A9E2020E29800A0B434 /* Main.storyboard */; };
		F2B75AA22020E29800A0B434 /* Assets.xcassets in Resources */ = {isa = PBXBuildFile; fileRef = F2B75AA12020E29800A0B434 /* Assets.xcassets */; };
		F2B75AA52020E29800A0B434 /* LaunchScreen.storyboard in Resources */ = {isa = PBXBuildFile; fileRef = F2B75AA32020E29800A0B434 /* LaunchScreen.storyboard */; };
		F2B75AB02020E29800A0B434 /* TripActionsSupportTests.swift in Sources */ = {isa = PBXBuildFile; fileRef = F2B75AAF2020E29800A0B434 /* TripActionsSupportTests.swift */; };
		F2B75ABB2020E29800A0B434 /* TripActionsSupportUITests.swift in Sources */ = {isa = PBXBuildFile; fileRef = F2B75ABA2020E29800A0B434 /* TripActionsSupportUITests.swift */; };
		F2B75AC92020E5B800A0B434 /* PlacesClient.swift in Sources */ = {isa = PBXBuildFile; fileRef = F2B75AC82020E5B800A0B434 /* PlacesClient.swift */; };
		F2B75ACB2020EA8E00A0B434 /* Place.swift in Sources */ = {isa = PBXBuildFile; fileRef = F2B75ACA2020EA8E00A0B434 /* Place.swift */; };
		F2E09C392023A60500E079FB /* PlaceAnnotation.swift in Sources */ = {isa = PBXBuildFile; fileRef = F2E09C382023A60500E079FB /* PlaceAnnotation.swift */; };
/* End PBXBuildFile section */

/* Begin PBXContainerItemProxy section */
		F2B75AAC2020E29800A0B434 /* PBXContainerItemProxy */ = {
			isa = PBXContainerItemProxy;
			containerPortal = F2B75A8F2020E29700A0B434 /* Project object */;
			proxyType = 1;
			remoteGlobalIDString = F2B75A962020E29700A0B434;
			remoteInfo = TripActionsSupport;
		};
		F2B75AB72020E29800A0B434 /* PBXContainerItemProxy */ = {
			isa = PBXContainerItemProxy;
			containerPortal = F2B75A8F2020E29700A0B434 /* Project object */;
			proxyType = 1;
			remoteGlobalIDString = F2B75A962020E29700A0B434;
			remoteInfo = TripActionsSupport;
		};
/* End PBXContainerItemProxy section */

/* Begin PBXFileReference section */
		F216150E2022413C00F2E9E6 /* MapVC.swift */ = {isa = PBXFileReference; lastKnownFileType = sourcecode.swift; path = MapVC.swift; sourceTree = "<group>"; };
		F21615102022618300F2E9E6 /* TextSuggestionsTableVC.swift */ = {isa = PBXFileReference; lastKnownFileType = sourcecode.swift; path = TextSuggestionsTableVC.swift; sourceTree = "<group>"; };
		F21615122022624B00F2E9E6 /* TextSuggestionCell.swift */ = {isa = PBXFileReference; lastKnownFileType = sourcecode.swift; path = TextSuggestionCell.swift; sourceTree = "<group>"; };
		F22BA6322021515E008F5338 /* Constants.swift */ = {isa = PBXFileReference; lastKnownFileType = sourcecode.swift; path = Constants.swift; sourceTree = "<group>"; };
		F2617F372022CC8500302280 /* SearchBarsView.xib */ = {isa = PBXFileReference; lastKnownFileType = file.xib; path = SearchBarsView.xib; sourceTree = "<group>"; };
		F2617F392022CCC400302280 /* SearchBarsView.swift */ = {isa = PBXFileReference; lastKnownFileType = sourcecode.swift; path = SearchBarsView.swift; sourceTree = "<group>"; };
		F2B75A972020E29700A0B434 /* TripActionsSupport.app */ = {isa = PBXFileReference; explicitFileType = wrapper.application; includeInIndex = 0; path = TripActionsSupport.app; sourceTree = BUILT_PRODUCTS_DIR; };
		F2B75A9A2020E29800A0B434 /* AppDelegate.swift */ = {isa = PBXFileReference; lastKnownFileType = sourcecode.swift; path = AppDelegate.swift; sourceTree = "<group>"; };
		F2B75A9F2020E29800A0B434 /* Base */ = {isa = PBXFileReference; lastKnownFileType = file.storyboard; name = Base; path = Base.lproj/Main.storyboard; sourceTree = "<group>"; };
		F2B75AA12020E29800A0B434 /* Assets.xcassets */ = {isa = PBXFileReference; lastKnownFileType = folder.assetcatalog; path = Assets.xcassets; sourceTree = "<group>"; };
		F2B75AA42020E29800A0B434 /* Base */ = {isa = PBXFileReference; lastKnownFileType = file.storyboard; name = Base; path = Base.lproj/LaunchScreen.storyboard; sourceTree = "<group>"; };
		F2B75AA62020E29800A0B434 /* Info.plist */ = {isa = PBXFileReference; lastKnownFileType = text.plist.xml; path = Info.plist; sourceTree = "<group>"; };
		F2B75AAB2020E29800A0B434 /* TripActionsSupportTests.xctest */ = {isa = PBXFileReference; explicitFileType = wrapper.cfbundle; includeInIndex = 0; path = TripActionsSupportTests.xctest; sourceTree = BUILT_PRODUCTS_DIR; };
		F2B75AAF2020E29800A0B434 /* TripActionsSupportTests.swift */ = {isa = PBXFileReference; lastKnownFileType = sourcecode.swift; path = TripActionsSupportTests.swift; sourceTree = "<group>"; };
		F2B75AB12020E29800A0B434 /* Info.plist */ = {isa = PBXFileReference; lastKnownFileType = text.plist.xml; path = Info.plist; sourceTree = "<group>"; };
		F2B75AB62020E29800A0B434 /* TripActionsSupportUITests.xctest */ = {isa = PBXFileReference; explicitFileType = wrapper.cfbundle; includeInIndex = 0; path = TripActionsSupportUITests.xctest; sourceTree = BUILT_PRODUCTS_DIR; };
		F2B75ABA2020E29800A0B434 /* TripActionsSupportUITests.swift */ = {isa = PBXFileReference; lastKnownFileType = sourcecode.swift; path = TripActionsSupportUITests.swift; sourceTree = "<group>"; };
		F2B75ABC2020E29800A0B434 /* Info.plist */ = {isa = PBXFileReference; lastKnownFileType = text.plist.xml; path = Info.plist; sourceTree = "<group>"; };
		F2B75AC82020E5B800A0B434 /* PlacesClient.swift */ = {isa = PBXFileReference; lastKnownFileType = sourcecode.swift; path = PlacesClient.swift; sourceTree = "<group>"; };
		F2B75ACA2020EA8E00A0B434 /* Place.swift */ = {isa = PBXFileReference; lastKnownFileType = sourcecode.swift; path = Place.swift; sourceTree = "<group>"; };
		F2E09C382023A60500E079FB /* PlaceAnnotation.swift */ = {isa = PBXFileReference; lastKnownFileType = sourcecode.swift; path = PlaceAnnotation.swift; sourceTree = "<group>"; };
/* End PBXFileReference section */

/* Begin PBXFrameworksBuildPhase section */
		F2B75A942020E29700A0B434 /* Frameworks */ = {
			isa = PBXFrameworksBuildPhase;
			buildActionMask = 2147483647;
			files = (
			);
			runOnlyForDeploymentPostprocessing = 0;
		};
		F2B75AA82020E29800A0B434 /* Frameworks */ = {
			isa = PBXFrameworksBuildPhase;
			buildActionMask = 2147483647;
			files = (
			);
			runOnlyForDeploymentPostprocessing = 0;
		};
		F2B75AB32020E29800A0B434 /* Frameworks */ = {
			isa = PBXFrameworksBuildPhase;
			buildActionMask = 2147483647;
			files = (
			);
			runOnlyForDeploymentPostprocessing = 0;
		};
/* End PBXFrameworksBuildPhase section */

/* Begin PBXGroup section */
		F2B75A8E2020E29700A0B434 = {
			isa = PBXGroup;
			children = (
				F2B75A992020E29700A0B434 /* TripActionsSupport */,
				F2B75AAE2020E29800A0B434 /* TripActionsSupportTests */,
				F2B75AB92020E29800A0B434 /* TripActionsSupportUITests */,
				F2B75A982020E29700A0B434 /* Products */,
			);
			sourceTree = "<group>";
		};
		F2B75A982020E29700A0B434 /* Products */ = {
			isa = PBXGroup;
			children = (
				F2B75A972020E29700A0B434 /* TripActionsSupport.app */,
				F2B75AAB2020E29800A0B434 /* TripActionsSupportTests.xctest */,
				F2B75AB62020E29800A0B434 /* TripActionsSupportUITests.xctest */,
			);
			name = Products;
			sourceTree = "<group>";
		};
		F2B75A992020E29700A0B434 /* TripActionsSupport */ = {
			isa = PBXGroup;
			children = (
				F22BA6322021515E008F5338 /* Constants.swift */,
				F2B75A9A2020E29800A0B434 /* AppDelegate.swift */,
				F216150E2022413C00F2E9E6 /* MapVC.swift */,
				F2B75AC82020E5B800A0B434 /* PlacesClient.swift */,
				F2B75ACA2020EA8E00A0B434 /* Place.swift */,
				F2E09C382023A60500E079FB /* PlaceAnnotation.swift */,
				F21615102022618300F2E9E6 /* TextSuggestionsTableVC.swift */,
				F21615122022624B00F2E9E6 /* TextSuggestionCell.swift */,
				F2B75A9E2020E29800A0B434 /* Main.storyboard */,
				F2617F372022CC8500302280 /* SearchBarsView.xib */,
				F2617F392022CCC400302280 /* SearchBarsView.swift */,
				F2B75AA12020E29800A0B434 /* Assets.xcassets */,
				F2B75AA32020E29800A0B434 /* LaunchScreen.storyboard */,
				F2B75AA62020E29800A0B434 /* Info.plist */,
			);
			path = TripActionsSupport;
			sourceTree = "<group>";
		};
		F2B75AAE2020E29800A0B434 /* TripActionsSupportTests */ = {
			isa = PBXGroup;
			children = (
				F2B75AAF2020E29800A0B434 /* TripActionsSupportTests.swift */,
				F2B75AB12020E29800A0B434 /* Info.plist */,
			);
			path = TripActionsSupportTests;
			sourceTree = "<group>";
		};
		F2B75AB92020E29800A0B434 /* TripActionsSupportUITests */ = {
			isa = PBXGroup;
			children = (
				F2B75ABA2020E29800A0B434 /* TripActionsSupportUITests.swift */,
				F2B75ABC2020E29800A0B434 /* Info.plist */,
			);
			path = TripActionsSupportUITests;
			sourceTree = "<group>";
		};
/* End PBXGroup section */

/* Begin PBXNativeTarget section */
		F2B75A962020E29700A0B434 /* TripActionsSupport */ = {
			isa = PBXNativeTarget;
			buildConfigurationList = F2B75ABF2020E29800A0B434 /* Build configuration list for PBXNativeTarget "TripActionsSupport" */;
			buildPhases = (
				F2B75A932020E29700A0B434 /* Sources */,
				F2B75A942020E29700A0B434 /* Frameworks */,
				F2B75A952020E29700A0B434 /* Resources */,
			);
			buildRules = (
			);
			dependencies = (
			);
			name = TripActionsSupport;
			productName = TripActionsSupport;
			productReference = F2B75A972020E29700A0B434 /* TripActionsSupport.app */;
			productType = "com.apple.product-type.application";
		};
		F2B75AAA2020E29800A0B434 /* TripActionsSupportTests */ = {
			isa = PBXNativeTarget;
			buildConfigurationList = F2B75AC22020E29800A0B434 /* Build configuration list for PBXNativeTarget "TripActionsSupportTests" */;
			buildPhases = (
				F2B75AA72020E29800A0B434 /* Sources */,
				F2B75AA82020E29800A0B434 /* Frameworks */,
				F2B75AA92020E29800A0B434 /* Resources */,
			);
			buildRules = (
			);
			dependencies = (
				F2B75AAD2020E29800A0B434 /* PBXTargetDependency */,
			);
			name = TripActionsSupportTests;
			productName = TripActionsSupportTests;
			productReference = F2B75AAB2020E29800A0B434 /* TripActionsSupportTests.xctest */;
			productType = "com.apple.product-type.bundle.unit-test";
		};
		F2B75AB52020E29800A0B434 /* TripActionsSupportUITests */ = {
			isa = PBXNativeTarget;
			buildConfigurationList = F2B75AC52020E29800A0B434 /* Build configuration list for PBXNativeTarget "TripActionsSupportUITests" */;
			buildPhases = (
				F2B75AB22020E29800A0B434 /* Sources */,
				F2B75AB32020E29800A0B434 /* Frameworks */,
				F2B75AB42020E29800A0B434 /* Resources */,
			);
			buildRules = (
			);
			dependencies = (
				F2B75AB82020E29800A0B434 /* PBXTargetDependency */,
			);
			name = TripActionsSupportUITests;
			productName = TripActionsSupportUITests;
			productReference = F2B75AB62020E29800A0B434 /* TripActionsSupportUITests.xctest */;
			productType = "com.apple.product-type.bundle.ui-testing";
		};
/* End PBXNativeTarget section */

/* Begin PBXProject section */
		F2B75A8F2020E29700A0B434 /* Project object */ = {
			isa = PBXProject;
			attributes = {
				LastSwiftUpdateCheck = 0920;
				LastUpgradeCheck = 0920;
				ORGANIZATIONNAME = Eden;
				TargetAttributes = {
					F2B75A962020E29700A0B434 = {
						CreatedOnToolsVersion = 9.2;
						ProvisioningStyle = Automatic;
					};
					F2B75AAA2020E29800A0B434 = {
						CreatedOnToolsVersion = 9.2;
						ProvisioningStyle = Automatic;
						TestTargetID = F2B75A962020E29700A0B434;
					};
					F2B75AB52020E29800A0B434 = {
						CreatedOnToolsVersion = 9.2;
						ProvisioningStyle = Automatic;
						TestTargetID = F2B75A962020E29700A0B434;
					};
				};
			};
			buildConfigurationList = F2B75A922020E29700A0B434 /* Build configuration list for PBXProject "TripActionsSupport" */;
			compatibilityVersion = "Xcode 8.0";
			developmentRegion = en;
			hasScannedForEncodings = 0;
			knownRegions = (
				en,
				Base,
			);
			mainGroup = F2B75A8E2020E29700A0B434;
			productRefGroup = F2B75A982020E29700A0B434 /* Products */;
			projectDirPath = "";
			projectRoot = "";
			targets = (
				F2B75A962020E29700A0B434 /* TripActionsSupport */,
				F2B75AAA2020E29800A0B434 /* TripActionsSupportTests */,
				F2B75AB52020E29800A0B434 /* TripActionsSupportUITests */,
			);
		};
/* End PBXProject section */

/* Begin PBXResourcesBuildPhase section */
		F2B75A952020E29700A0B434 /* Resources */ = {
			isa = PBXResourcesBuildPhase;
			buildActionMask = 2147483647;
			files = (
				F2617F382022CC8500302280 /* SearchBarsView.xib in Resources */,
				F2B75AA52020E29800A0B434 /* LaunchScreen.storyboard in Resources */,
				F2B75AA22020E29800A0B434 /* Assets.xcassets in Resources */,
				F2B75AA02020E29800A0B434 /* Main.storyboard in Resources */,
			);
			runOnlyForDeploymentPostprocessing = 0;
		};
		F2B75AA92020E29800A0B434 /* Resources */ = {
			isa = PBXResourcesBuildPhase;
			buildActionMask = 2147483647;
			files = (
			);
			runOnlyForDeploymentPostprocessing = 0;
		};
		F2B75AB42020E29800A0B434 /* Resources */ = {
			isa = PBXResourcesBuildPhase;
			buildActionMask = 2147483647;
			files = (
			);
			runOnlyForDeploymentPostprocessing = 0;
		};
/* End PBXResourcesBuildPhase section */

/* Begin PBXSourcesBuildPhase section */
		F2B75A932020E29700A0B434 /* Sources */ = {
			isa = PBXSourcesBuildPhase;
			buildActionMask = 2147483647;
			files = (
				F2617F3A2022CCC400302280 /* SearchBarsView.swift in Sources */,
				F2E09C392023A60500E079FB /* PlaceAnnotation.swift in Sources */,
				F22BA6332021515E008F5338 /* Constants.swift in Sources */,
				F216150F2022413C00F2E9E6 /* MapVC.swift in Sources */,
				F2B75AC92020E5B800A0B434 /* PlacesClient.swift in Sources */,
				F2B75A9B2020E29800A0B434 /* AppDelegate.swift in Sources */,
				F21615112022618300F2E9E6 /* TextSuggestionsTableVC.swift in Sources */,
				F2B75ACB2020EA8E00A0B434 /* Place.swift in Sources */,
				F21615132022624B00F2E9E6 /* TextSuggestionCell.swift in Sources */,
			);
			runOnlyForDeploymentPostprocessing = 0;
		};
		F2B75AA72020E29800A0B434 /* Sources */ = {
			isa = PBXSourcesBuildPhase;
			buildActionMask = 2147483647;
			files = (
				F2B75AB02020E29800A0B434 /* TripActionsSupportTests.swift in Sources */,
			);
			runOnlyForDeploymentPostprocessing = 0;
		};
		F2B75AB22020E29800A0B434 /* Sources */ = {
			isa = PBXSourcesBuildPhase;
			buildActionMask = 2147483647;
			files = (
				F2B75ABB2020E29800A0B434 /* TripActionsSupportUITests.swift in Sources */,
			);
			runOnlyForDeploymentPostprocessing = 0;
		};
/* End PBXSourcesBuildPhase section */

/* Begin PBXTargetDependency section */
		F2B75AAD2020E29800A0B434 /* PBXTargetDependency */ = {
			isa = PBXTargetDependency;
			target = F2B75A962020E29700A0B434 /* TripActionsSupport */;
			targetProxy = F2B75AAC2020E29800A0B434 /* PBXContainerItemProxy */;
		};
		F2B75AB82020E29800A0B434 /* PBXTargetDependency */ = {
			isa = PBXTargetDependency;
			target = F2B75A962020E29700A0B434 /* TripActionsSupport */;
			targetProxy = F2B75AB72020E29800A0B434 /* PBXContainerItemProxy */;
		};
/* End PBXTargetDependency section */

/* Begin PBXVariantGroup section */
		F2B75A9E2020E29800A0B434 /* Main.storyboard */ = {
			isa = PBXVariantGroup;
			children = (
				F2B75A9F2020E29800A0B434 /* Base */,
			);
			name = Main.storyboard;
			sourceTree = "<group>";
		};
		F2B75AA32020E29800A0B434 /* LaunchScreen.storyboard */ = {
			isa = PBXVariantGroup;
			children = (
				F2B75AA42020E29800A0B434 /* Base */,
			);
			name = LaunchScreen.storyboard;
			sourceTree = "<group>";
		};
/* End PBXVariantGroup section */

/* Begin XCBuildConfiguration section */
		F2B75ABD2020E29800A0B434 /* Debug */ = {
			isa = XCBuildConfiguration;
			buildSettings = {
				ALWAYS_SEARCH_USER_PATHS = NO;
				CLANG_ANALYZER_NONNULL = YES;
				CLANG_ANALYZER_NUMBER_OBJECT_CONVERSION = YES_AGGRESSIVE;
				CLANG_CXX_LANGUAGE_STANDARD = "gnu++14";
				CLANG_CXX_LIBRARY = "libc++";
				CLANG_ENABLE_MODULES = YES;
				CLANG_ENABLE_OBJC_ARC = YES;
				CLANG_WARN_BLOCK_CAPTURE_AUTORELEASING = YES;
				CLANG_WARN_BOOL_CONVERSION = YES;
				CLANG_WARN_COMMA = YES;
				CLANG_WARN_CONSTANT_CONVERSION = YES;
				CLANG_WARN_DIRECT_OBJC_ISA_USAGE = YES_ERROR;
				CLANG_WARN_DOCUMENTATION_COMMENTS = YES;
				CLANG_WARN_EMPTY_BODY = YES;
				CLANG_WARN_ENUM_CONVERSION = YES;
				CLANG_WARN_INFINITE_RECURSION = YES;
				CLANG_WARN_INT_CONVERSION = YES;
				CLANG_WARN_NON_LITERAL_NULL_CONVERSION = YES;
				CLANG_WARN_OBJC_LITERAL_CONVERSION = YES;
				CLANG_WARN_OBJC_ROOT_CLASS = YES_ERROR;
				CLANG_WARN_RANGE_LOOP_ANALYSIS = YES;
				CLANG_WARN_STRICT_PROTOTYPES = YES;
				CLANG_WARN_SUSPICIOUS_MOVE = YES;
				CLANG_WARN_UNGUARDED_AVAILABILITY = YES_AGGRESSIVE;
				CLANG_WARN_UNREACHABLE_CODE = YES;
				CLANG_WARN__DUPLICATE_METHOD_MATCH = YES;
				CODE_SIGN_IDENTITY = "iPhone Developer";
				COPY_PHASE_STRIP = NO;
				DEBUG_INFORMATION_FORMAT = dwarf;
				ENABLE_STRICT_OBJC_MSGSEND = YES;
				ENABLE_TESTABILITY = YES;
				GCC_C_LANGUAGE_STANDARD = gnu11;
				GCC_DYNAMIC_NO_PIC = NO;
				GCC_NO_COMMON_BLOCKS = YES;
				GCC_OPTIMIZATION_LEVEL = 0;
				GCC_PREPROCESSOR_DEFINITIONS = (
					"DEBUG=1",
					"$(inherited)",
				);
				GCC_WARN_64_TO_32_BIT_CONVERSION = YES;
				GCC_WARN_ABOUT_RETURN_TYPE = YES_ERROR;
				GCC_WARN_UNDECLARED_SELECTOR = YES;
				GCC_WARN_UNINITIALIZED_AUTOS = YES_AGGRESSIVE;
				GCC_WARN_UNUSED_FUNCTION = YES;
				GCC_WARN_UNUSED_VARIABLE = YES;
				IPHONEOS_DEPLOYMENT_TARGET = 11.2;
				MTL_ENABLE_DEBUG_INFO = YES;
				ONLY_ACTIVE_ARCH = YES;
				SDKROOT = iphoneos;
				SWIFT_ACTIVE_COMPILATION_CONDITIONS = DEBUG;
				SWIFT_OPTIMIZATION_LEVEL = "-Onone";
			};
			name = Debug;
		};
		F2B75ABE2020E29800A0B434 /* Release */ = {
			isa = XCBuildConfiguration;
			buildSettings = {
				ALWAYS_SEARCH_USER_PATHS = NO;
				CLANG_ANALYZER_NONNULL = YES;
				CLANG_ANALYZER_NUMBER_OBJECT_CONVERSION = YES_AGGRESSIVE;
				CLANG_CXX_LANGUAGE_STANDARD = "gnu++14";
				CLANG_CXX_LIBRARY = "libc++";
				CLANG_ENABLE_MODULES = YES;
				CLANG_ENABLE_OBJC_ARC = YES;
				CLANG_WARN_BLOCK_CAPTURE_AUTORELEASING = YES;
				CLANG_WARN_BOOL_CONVERSION = YES;
				CLANG_WARN_COMMA = YES;
				CLANG_WARN_CONSTANT_CONVERSION = YES;
				CLANG_WARN_DIRECT_OBJC_ISA_USAGE = YES_ERROR;
				CLANG_WARN_DOCUMENTATION_COMMENTS = YES;
				CLANG_WARN_EMPTY_BODY = YES;
				CLANG_WARN_ENUM_CONVERSION = YES;
				CLANG_WARN_INFINITE_RECURSION = YES;
				CLANG_WARN_INT_CONVERSION = YES;
				CLANG_WARN_NON_LITERAL_NULL_CONVERSION = YES;
				CLANG_WARN_OBJC_LITERAL_CONVERSION = YES;
				CLANG_WARN_OBJC_ROOT_CLASS = YES_ERROR;
				CLANG_WARN_RANGE_LOOP_ANALYSIS = YES;
				CLANG_WARN_STRICT_PROTOTYPES = YES;
				CLANG_WARN_SUSPICIOUS_MOVE = YES;
				CLANG_WARN_UNGUARDED_AVAILABILITY = YES_AGGRESSIVE;
				CLANG_WARN_UNREACHABLE_CODE = YES;
				CLANG_WARN__DUPLICATE_METHOD_MATCH = YES;
				CODE_SIGN_IDENTITY = "iPhone Developer";
				COPY_PHASE_STRIP = NO;
				DEBUG_INFORMATION_FORMAT = "dwarf-with-dsym";
				ENABLE_NS_ASSERTIONS = NO;
				ENABLE_STRICT_OBJC_MSGSEND = YES;
				GCC_C_LANGUAGE_STANDARD = gnu11;
				GCC_NO_COMMON_BLOCKS = YES;
				GCC_WARN_64_TO_32_BIT_CONVERSION = YES;
				GCC_WARN_ABOUT_RETURN_TYPE = YES_ERROR;
				GCC_WARN_UNDECLARED_SELECTOR = YES;
				GCC_WARN_UNINITIALIZED_AUTOS = YES_AGGRESSIVE;
				GCC_WARN_UNUSED_FUNCTION = YES;
				GCC_WARN_UNUSED_VARIABLE = YES;
				IPHONEOS_DEPLOYMENT_TARGET = 11.2;
				MTL_ENABLE_DEBUG_INFO = NO;
				SDKROOT = iphoneos;
				SWIFT_OPTIMIZATION_LEVEL = "-Owholemodule";
				VALIDATE_PRODUCT = YES;
			};
			name = Release;
		};
		F2B75AC02020E29800A0B434 /* Debug */ = {
			isa = XCBuildConfiguration;
			buildSettings = {
				ASSETCATALOG_COMPILER_APPICON_NAME = AppIcon;
				CODE_SIGN_STYLE = Automatic;
				DEVELOPMENT_TEAM = 875WVS57Q6;
				INFOPLIST_FILE = TripActionsSupport/Info.plist;
				LD_RUNPATH_SEARCH_PATHS = "$(inherited) @executable_path/Frameworks";
				PRODUCT_BUNDLE_IDENTIFIER = com.edenshapiro.TripActionsSupport;
				PRODUCT_NAME = "$(TARGET_NAME)";
				SWIFT_VERSION = 4.0;
				TARGETED_DEVICE_FAMILY = "1,2";
			};
			name = Debug;
		};
		F2B75AC12020E29800A0B434 /* Release */ = {
			isa = XCBuildConfiguration;
			buildSettings = {
				ASSETCATALOG_COMPILER_APPICON_NAME = AppIcon;
				CODE_SIGN_STYLE = Automatic;
				DEVELOPMENT_TEAM = 875WVS57Q6;
				INFOPLIST_FILE = TripActionsSupport/Info.plist;
				LD_RUNPATH_SEARCH_PATHS = "$(inherited) @executable_path/Frameworks";
				PRODUCT_BUNDLE_IDENTIFIER = com.edenshapiro.TripActionsSupport;
				PRODUCT_NAME = "$(TARGET_NAME)";
				SWIFT_VERSION = 4.0;
				TARGETED_DEVICE_FAMILY = "1,2";
			};
			name = Release;
		};
		F2B75AC32020E29800A0B434 /* Debug */ = {
			isa = XCBuildConfiguration;
			buildSettings = {
				ALWAYS_EMBED_SWIFT_STANDARD_LIBRARIES = YES;
				BUNDLE_LOADER = "$(TEST_HOST)";
				CODE_SIGN_STYLE = Automatic;
				DEVELOPMENT_TEAM = 875WVS57Q6;
				INFOPLIST_FILE = TripActionsSupportTests/Info.plist;
				LD_RUNPATH_SEARCH_PATHS = "$(inherited) @executable_path/Frameworks @loader_path/Frameworks";
				PRODUCT_BUNDLE_IDENTIFIER = com.edenshapiro.TripActionsSupportTests;
				PRODUCT_NAME = "$(TARGET_NAME)";
				SWIFT_VERSION = 4.0;
				TARGETED_DEVICE_FAMILY = "1,2";
				TEST_HOST = "$(BUILT_PRODUCTS_DIR)/TripActionsSupport.app/TripActionsSupport";
			};
			name = Debug;
		};
		F2B75AC42020E29800A0B434 /* Release */ = {
			isa = XCBuildConfiguration;
			buildSettings = {
				ALWAYS_EMBED_SWIFT_STANDARD_LIBRARIES = YES;
				BUNDLE_LOADER = "$(TEST_HOST)";
				CODE_SIGN_STYLE = Automatic;
				DEVELOPMENT_TEAM = 875WVS57Q6;
				INFOPLIST_FILE = TripActionsSupportTests/Info.plist;
				LD_RUNPATH_SEARCH_PATHS = "$(inherited) @executable_path/Frameworks @loader_path/Frameworks";
				PRODUCT_BUNDLE_IDENTIFIER = com.edenshapiro.TripActionsSupportTests;
				PRODUCT_NAME = "$(TARGET_NAME)";
				SWIFT_VERSION = 4.0;
				TARGETED_DEVICE_FAMILY = "1,2";
				TEST_HOST = "$(BUILT_PRODUCTS_DIR)/TripActionsSupport.app/TripActionsSupport";
			};
			name = Release;
		};
		F2B75AC62020E29800A0B434 /* Debug */ = {
			isa = XCBuildConfiguration;
			buildSettings = {
				ALWAYS_EMBED_SWIFT_STANDARD_LIBRARIES = YES;
				CODE_SIGN_STYLE = Automatic;
				DEVELOPMENT_TEAM = 875WVS57Q6;
				INFOPLIST_FILE = TripActionsSupportUITests/Info.plist;
				LD_RUNPATH_SEARCH_PATHS = "$(inherited) @executable_path/Frameworks @loader_path/Frameworks";
				PRODUCT_BUNDLE_IDENTIFIER = com.edenshapiro.TripActionsSupportUITests;
				PRODUCT_NAME = "$(TARGET_NAME)";
				SWIFT_VERSION = 4.0;
				TARGETED_DEVICE_FAMILY = "1,2";
				TEST_TARGET_NAME = TripActionsSupport;
			};
			name = Debug;
		};
		F2B75AC72020E29800A0B434 /* Release */ = {
			isa = XCBuildConfiguration;
			buildSettings = {
				ALWAYS_EMBED_SWIFT_STANDARD_LIBRARIES = YES;
				CODE_SIGN_STYLE = Automatic;
				DEVELOPMENT_TEAM = 875WVS57Q6;
				INFOPLIST_FILE = TripActionsSupportUITests/Info.plist;
				LD_RUNPATH_SEARCH_PATHS = "$(inherited) @executable_path/Frameworks @loader_path/Frameworks";
				PRODUCT_BUNDLE_IDENTIFIER = com.edenshapiro.TripActionsSupportUITests;
				PRODUCT_NAME = "$(TARGET_NAME)";
				SWIFT_VERSION = 4.0;
				TARGETED_DEVICE_FAMILY = "1,2";
				TEST_TARGET_NAME = TripActionsSupport;
			};
			name = Release;
		};
/* End XCBuildConfiguration section */

/* Begin XCConfigurationList section */
		F2B75A922020E29700A0B434 /* Build configuration list for PBXProject "TripActionsSupport" */ = {
			isa = XCConfigurationList;
			buildConfigurations = (
				F2B75ABD2020E29800A0B434 /* Debug */,
				F2B75ABE2020E29800A0B434 /* Release */,
			);
			defaultConfigurationIsVisible = 0;
			defaultConfigurationName = Release;
		};
		F2B75ABF2020E29800A0B434 /* Build configuration list for PBXNativeTarget "TripActionsSupport" */ = {
			isa = XCConfigurationList;
			buildConfigurations = (
				F2B75AC02020E29800A0B434 /* Debug */,
				F2B75AC12020E29800A0B434 /* Release */,
			);
			defaultConfigurationIsVisible = 0;
			defaultConfigurationName = Release;
		};
		F2B75AC22020E29800A0B434 /* Build configuration list for PBXNativeTarget "TripActionsSupportTests" */ = {
			isa = XCConfigurationList;
			buildConfigurations = (
				F2B75AC32020E29800A0B434 /* Debug */,
				F2B75AC42020E29800A0B434 /* Release */,
			);
			defaultConfigurationIsVisible = 0;
			defaultConfigurationName = Release;
		};
		F2B75AC52020E29800A0B434 /* Build configuration list for PBXNativeTarget "TripActionsSupportUITests" */ = {
			isa = XCConfigurationList;
			buildConfigurations = (
				F2B75AC62020E29800A0B434 /* Debug */,
				F2B75AC72020E29800A0B434 /* Release */,
			);
			defaultConfigurationIsVisible = 0;
			defaultConfigurationName = Release;
		};
/* End XCConfigurationList section */
	};
	rootObject = F2B75A8F2020E29700A0B434 /* Project object */;
}
